
Microsoft Visual Studio Solution File, Format Version 12.00
# Visual Studio Version 16
VisualStudioVersion = 16.0.29709.97
MinimumVisualStudioVersion = 10.0.40219.1
Project("{9A19103F-16F7-4668-BE54-9A1E7A4F7556}") = "linkc", "linkc\linkc.csproj", "{E153E6F3-BD33-4EA8-80EF-A5E78F499648}"
EndProject
Project("{9A19103F-16F7-4668-BE54-9A1E7A4F7556}") = "MvcMovie", "MvcMovie\MvcMovie.csproj", "{FF8C0F20-078A-447F-9474-96716298759F}"
EndProject
Project("{9A19103F-16F7-4668-BE54-9A1E7A4F7556}") = "TodoApi", "TodoApi\TodoApi.csproj", "{2493EF7A-F0EF-4870-B0E4-457A855A7A2B}"
EndProject
Project("{9A19103F-16F7-4668-BE54-9A1E7A4F7556}") = "BooksApi", "BooksApi\BooksApi.csproj", "{F93A7C33-8215-4116-A7BF-72F5480FD54B}"
EndProject
Project("{9A19103F-16F7-4668-BE54-9A1E7A4F7556}") = "SignalRChat", "SignalRChat\SignalRChat.csproj", "{0B9C41AF-0302-46DE-9830-ED7665DE69A6}"
EndProject
Project("{FAE04EC0-301F-11D3-BF4B-00C04F79EFBC}") = "ContosoUniversity", "ContosoUniversity\ContosoUniversity.csproj", "{A1F46917-F85A-45D1-B4FF-B5AFCDC48679}"
EndProject
Global
	GlobalSection(SolutionConfigurationPlatforms) = preSolution
		Debug|Any CPU = Debug|Any CPU
		Release|Any CPU = Release|Any CPU
	EndGlobalSection
	GlobalSection(ProjectConfigurationPlatforms) = postSolution
		{E153E6F3-BD33-4EA8-80EF-A5E78F499648}.Debug|Any CPU.ActiveCfg = Debug|Any CPU
		{E153E6F3-BD33-4EA8-80EF-A5E78F499648}.Debug|Any CPU.Build.0 = Debug|Any CPU
		{E153E6F3-BD33-4EA8-80EF-A5E78F499648}.Release|Any CPU.ActiveCfg = Release|Any CPU
		{E153E6F3-BD33-4EA8-80EF-A5E78F499648}.Release|Any CPU.Build.0 = Release|Any CPU
		{FF8C0F20-078A-447F-9474-96716298759F}.Debug|Any CPU.ActiveCfg = Debug|Any CPU
		{FF8C0F20-078A-447F-9474-96716298759F}.Debug|Any CPU.Build.0 = Debug|Any CPU
		{FF8C0F20-078A-447F-9474-96716298759F}.Release|Any CPU.ActiveCfg = Release|Any CPU
		{FF8C0F20-078A-447F-9474-96716298759F}.Release|Any CPU.Build.0 = Release|Any CPU
		{2493EF7A-F0EF-4870-B0E4-457A855A7A2B}.Debug|Any CPU.ActiveCfg = Debug|Any CPU
		{2493EF7A-F0EF-4870-B0E4-457A855A7A2B}.Debug|Any CPU.Build.0 = Debug|Any CPU
		{2493EF7A-F0EF-4870-B0E4-457A855A7A2B}.Release|Any CPU.ActiveCfg = Release|Any CPU
		{2493EF7A-F0EF-4870-B0E4-457A855A7A2B}.Release|Any CPU.Build.0 = Release|Any CPU
		{F93A7C33-8215-4116-A7BF-72F5480FD54B}.Debug|Any CPU.ActiveCfg = Debug|Any CPU
		{F93A7C33-8215-4116-A7BF-72F5480FD54B}.Debug|Any CPU.Build.0 = Debug|Any CPU
		{F93A7C33-8215-4116-A7BF-72F5480FD54B}.Release|Any CPU.ActiveCfg = Release|Any CPU
		{F93A7C33-8215-4116-A7BF-72F5480FD54B}.Release|Any CPU.Build.0 = Release|Any CPU
		{0B9C41AF-0302-46DE-9830-ED7665DE69A6}.Debug|Any CPU.ActiveCfg = Debug|Any CPU
		{0B9C41AF-0302-46DE-9830-ED7665DE69A6}.Debug|Any CPU.Build.0 = Debug|Any CPU
		{0B9C41AF-0302-46DE-9830-ED7665DE69A6}.Release|Any CPU.ActiveCfg = Release|Any CPU
		{0B9C41AF-0302-46DE-9830-ED7665DE69A6}.Release|Any CPU.Build.0 = Release|Any CPU
		{A1F46917-F85A-45D1-B4FF-B5AFCDC48679}.Debug|Any CPU.ActiveCfg = Debug|Any CPU
		{A1F46917-F85A-45D1-B4FF-B5AFCDC48679}.Debug|Any CPU.Build.0 = Debug|Any CPU
		{A1F46917-F85A-45D1-B4FF-B5AFCDC48679}.Release|Any CPU.ActiveCfg = Release|Any CPU
		{A1F46917-F85A-45D1-B4FF-B5AFCDC48679}.Release|Any CPU.Build.0 = Release|Any CPU
	EndGlobalSection
	GlobalSection(SolutionProperties) = preSolution
		HideSolutionNode = FALSE
	EndGlobalSection
	GlobalSection(ExtensibilityGlobals) = postSolution
		SolutionGuid = {C263ACE2-AB0C-4973-A3F0-9A72114B3591}
	EndGlobalSection
EndGlobal
